{
  "name": "realmz_backend",
  "version": "1.0.0",
  "lockfileVersion": 3,
  "requires": true,
  "packages": {
    "": {
      "name": "realmz_backend",
      "version": "1.0.0",
      "license": "ISC",
      "dependencies": {
        "pnpm": "^9.0.2"
      }
    },
    "node_modules/pnpm": {
      "version": "9.0.2",
      "resolved": "https://registry.npmjs.org/pnpm/-/pnpm-9.0.2.tgz",
      "integrity": "sha512-i+3zHeQnBbl/+JMwu+F3lUrVcDqS+olL4PtNRbXfq1miH2WoQZrRyugt0W+sLUGow0N3XoDv59q22AsECNsv1g==",
      "bin": {
        "pnpm": "bin/pnpm.cjs",
        "pnpx": "bin/pnpx.cjs"
      },
      "engines": {
        "node": ">=18.12"
      },
      "funding": {
        "url": "https://opencollective.com/pnpm"
      }
    }
  }
}
